
Microsoft Visual Studio Solution File, Format Version 12.00
# Visual Studio Version 16
VisualStudioVersion = 16.0.30309.148
MinimumVisualStudioVersion = 10.0.40219.1
Project("{FAE04EC0-301F-11D3-BF4B-00C04F79EFBC}") = "Tournament-website", "Tournament-website.csproj", "{4117DCA4-0FE0-4C79-8ECD-C6FC6E11024C}"
EndProject
Global
	GlobalSection(SolutionConfigurationPlatforms) = preSolution
		Debug|Any CPU = Debug|Any CPU
		Release|Any CPU = Release|Any CPU
	EndGlobalSection
	GlobalSection(ProjectConfigurationPlatforms) = postSolution
		{4117DCA4-0FE0-4C79-8ECD-C6FC6E11024C}.Debug|Any CPU.ActiveCfg = Debug|Any CPU
		{4117DCA4-0FE0-4C79-8ECD-C6FC6E11024C}.Debug|Any CPU.Build.0 = Debug|Any CPU
		{4117DCA4-0FE0-4C79-8ECD-C6FC6E11024C}.Release|Any CPU.ActiveCfg = Release|Any CPU
		{4117DCA4-0FE0-4C79-8ECD-C6FC6E11024C}.Release|Any CPU.Build.0 = Release|Any CPU
	EndGlobalSection
	GlobalSection(SolutionProperties) = preSolution
		HideSolutionNode = FALSE
	EndGlobalSection
	GlobalSection(ExtensibilityGlobals) = postSolution
		SolutionGuid = {A70D09D3-9702-447E-82EE-2485DC8F9756}
	EndGlobalSection
EndGlobal
